{
  "pins" : [
    {
      "identity" : "playdate",
      "kind" : "remoteSourceControl",
      "location" : "https://github.com/noppefoxwolf/Playdate",
      "state" : {
        "revision" : "c4830310a6bc18b3516e225b0f2dab4ffd384205",
        "version" : "1.12.3"
      }
    }
  ],
  "version" : 2
}
